PODS:
  - XCExcelSimilarView (0.1.0):
    - XCExcelSimilarView/AlignedLayout (= 0.1.0)
    - XCExcelSimilarView/ExcelLayout (= 0.1.0)
  - XCExcelSimilarView/AlignedLayout (0.1.0)
  - XCExcelSimilarView/ExcelLayout (0.1.0)

DEPENDENCIES:
  - XCExcelSimilarView (from `../`)

EXTERNAL SOURCES:
  XCExcelSimilarView:
    :path: "../"

SPEC CHECKSUMS:
  XCExcelSimilarView: 7cc1540a0329523e798d22ed3aa934f68005446a

PODFILE CHECKSUM: eb67bc13d76d866c11013b4e0703cb6a1e2c8bf8

COCOAPODS: 1.11.2
